// !$*UTF8*$!
{
	archiveVersion = 1;
	classes = {
	};
	objectVersion = 56;
	objects = {

/* Begin PBXBuildFile section */
		A95105A82A485A930025643E /* RealityKitContent in Frameworks */ = {isa = PBXBuildFile; productRef = A95105A72A485A930025643E /* RealityKitContent */; };
		A95105AA2A485A930025643E /* visionOS_FunassyiApp.swift in Sources */ = {isa = PBXBuildFile; fileRef = A95105A92A485A930025643E /* visionOS_FunassyiApp.swift */; };
		A95105AC2A485A930025643E /* ContentView.swift in Sources */ = {isa = PBXBuildFile; fileRef = A95105AB2A485A930025643E /* ContentView.swift */; };
		A95105AE2A485A940025643E /* Assets.xcassets in Resources */ = {isa = PBXBuildFile; fileRef = A95105AD2A485A940025643E /* Assets.xcassets */; };
		A95105B12A485A940025643E /* Preview Assets.xcassets in Resources */ = {isa = PBXBuildFile; fileRef = A95105B02A485A940025643E /* Preview Assets.xcassets */; };
		A95105BB2A485A940025643E /* visionOS_FunassyiTests.swift in Sources */ = {isa = PBXBuildFile; fileRef = A95105BA2A485A940025643E /* visionOS_FunassyiTests.swift */; };
		A95105C62A485ADE0025643E /* Funassyi.usdz in Resources */ = {isa = PBXBuildFile; fileRef = A95105C52A485ADE0025643E /* Funassyi.usdz */; };
		A95105CB2A485BB80025643E /* FunassyiView.swift in Sources */ = {isa = PBXBuildFile; fileRef = A95105CA2A485BB80025643E /* FunassyiView.swift */; };
		A95105CD2A485EEE0025643E /* WelcomeView.swift in Sources */ = {isa = PBXBuildFile; fileRef = A95105CC2A485EEE0025643E /* WelcomeView.swift */; };
/* End PBXBuildFile section */

/* Begin PBXContainerItemProxy section */
		A95105B72A485A940025643E /* PBXContainerItemProxy */ = {
			isa = PBXContainerItemProxy;
			containerPortal = A951059A2A485A930025643E /* Project object */;
			proxyType = 1;
			remoteGlobalIDString = A95105A12A485A930025643E;
			remoteInfo = "visionOS Funassyi";
		};
/* End PBXContainerItemProxy section */

/* Begin PBXFileReference section */
		A95105A22A485A930025643E /* visionOS Funassyi.app */ = {isa = PBXFileReference; explicitFileType = wrapper.application; includeInIndex = 0; path = "visionOS Funassyi.app"; sourceTree = BUILT_PRODUCTS_DIR; };
		A95105A62A485A930025643E /* RealityKitContent */ = {isa = PBXFileReference; lastKnownFileType = wrapper; path = RealityKitContent; sourceTree = "<group>"; };
		A95105A92A485A930025643E /* visionOS_FunassyiApp.swift */ = {isa = PBXFileReference; lastKnownFileType = sourcecode.swift; path = visionOS_FunassyiApp.swift; sourceTree = "<group>"; };
		A95105AB2A485A930025643E /* ContentView.swift */ = {isa = PBXFileReference; lastKnownFileType = sourcecode.swift; path = ContentView.swift; sourceTree = "<group>"; };
		A95105AD2A485A940025643E /* Assets.xcassets */ = {isa = PBXFileReference; lastKnownFileType = folder.assetcatalog; path = Assets.xcassets; sourceTree = "<group>"; };
		A95105B02A485A940025643E /* Preview Assets.xcassets */ = {isa = PBXFileReference; lastKnownFileType = folder.assetcatalog; path = "Preview Assets.xcassets"; sourceTree = "<group>"; };
		A95105B62A485A940025643E /* visionOS FunassyiTests.xctest */ = {isa = PBXFileReference; explicitFileType = wrapper.cfbundle; includeInIndex = 0; path = "visionOS FunassyiTests.xctest"; sourceTree = BUILT_PRODUCTS_DIR; };
		A95105BA2A485A940025643E /* visionOS_FunassyiTests.swift */ = {isa = PBXFileReference; lastKnownFileType = sourcecode.swift; path = visionOS_FunassyiTests.swift; sourceTree = "<group>"; };
		A95105C52A485ADE0025643E /* Funassyi.usdz */ = {isa = PBXFileReference; lastKnownFileType = file.usdz; path = Funassyi.usdz; sourceTree = "<group>"; };
		A95105CA2A485BB80025643E /* FunassyiView.swift */ = {isa = PBXFileReference; lastKnownFileType = sourcecode.swift; path = FunassyiView.swift; sourceTree = "<group>"; };
		A95105CC2A485EEE0025643E /* WelcomeView.swift */ = {isa = PBXFileReference; lastKnownFileType = sourcecode.swift; path = WelcomeView.swift; sourceTree = "<group>"; };
/* End PBXFileReference section */

/* Begin PBXFrameworksBuildPhase section */
		A951059F2A485A930025643E /* Frameworks */ = {
			isa = PBXFrameworksBuildPhase;
			buildActionMask = 2147483647;
			files = (
				A95105A82A485A930025643E /* RealityKitContent in Frameworks */,
			);
			runOnlyForDeploymentPostprocessing = 0;
		};
		A95105B32A485A940025643E /* Frameworks */ = {
			isa = PBXFrameworksBuildPhase;
			buildActionMask = 2147483647;
			files = (
			);
			runOnlyForDeploymentPostprocessing = 0;
		};
/* End PBXFrameworksBuildPhase section */

/* Begin PBXGroup section */
		A95105992A485A930025643E = {
			isa = PBXGroup;
			children = (
				A95105A42A485A930025643E /* visionOS Funassyi */,
				A95105A52A485A930025643E /* Packages */,
				A95105B92A485A940025643E /* visionOS FunassyiTests */,
				A95105A32A485A930025643E /* Products */,
			);
			sourceTree = "<group>";
		};
		A95105A32A485A930025643E /* Products */ = {
			isa = PBXGroup;
			children = (
				A95105A22A485A930025643E /* visionOS Funassyi.app */,
				A95105B62A485A940025643E /* visionOS FunassyiTests.xctest */,
			);
			name = Products;
			sourceTree = "<group>";
		};
		A95105A42A485A930025643E /* visionOS Funassyi */ = {
			isa = PBXGroup;
			children = (
				A95105C42A485AAC0025643E /* USDZs */,
				A95105C72A485B830025643E /* RealityViews */,
				A95105A92A485A930025643E /* visionOS_FunassyiApp.swift */,
				A95105CC2A485EEE0025643E /* WelcomeView.swift */,
				A95105AB2A485A930025643E /* ContentView.swift */,
				A95105AD2A485A940025643E /* Assets.xcassets */,
				A95105AF2A485A940025643E /* Preview Content */,
			);
			path = "visionOS Funassyi";
			sourceTree = "<group>";
		};
		A95105A52A485A930025643E /* Packages */ = {
			isa = PBXGroup;
			children = (
				A95105A62A485A930025643E /* RealityKitContent */,
			);
			path = Packages;
			sourceTree = "<group>";
		};
		A95105AF2A485A940025643E /* Preview Content */ = {
			isa = PBXGroup;
			children = (
				A95105B02A485A940025643E /* Preview Assets.xcassets */,
			);
			path = "Preview Content";
			sourceTree = "<group>";
		};
		A95105B92A485A940025643E /* visionOS FunassyiTests */ = {
			isa = PBXGroup;
			children = (
				A95105BA2A485A940025643E /* visionOS_FunassyiTests.swift */,
			);
			path = "visionOS FunassyiTests";
			sourceTree = "<group>";
		};
		A95105C42A485AAC0025643E /* USDZs */ = {
			isa = PBXGroup;
			children = (
				A95105C52A485ADE0025643E /* Funassyi.usdz */,
			);
			path = USDZs;
			sourceTree = "<group>";
		};
		A95105C72A485B830025643E /* RealityViews */ = {
			isa = PBXGroup;
			children = (
				A95105CA2A485BB80025643E /* FunassyiView.swift */,
			);
			path = RealityViews;
			sourceTree = "<group>";
		};
/* End PBXGroup section */

/* Begin PBXNativeTarget section */
		A95105A12A485A930025643E /* visionOS Funassyi */ = {
			isa = PBXNativeTarget;
			buildConfigurationList = A95105BE2A485A940025643E /* Build configuration list for PBXNativeTarget "visionOS Funassyi" */;
			buildPhases = (
				A951059E2A485A930025643E /* Sources */,
				A951059F2A485A930025643E /* Frameworks */,
				A95105A02A485A930025643E /* Resources */,
			);
			buildRules = (
			);
			dependencies = (
			);
			name = "visionOS Funassyi";
			packageProductDependencies = (
				A95105A72A485A930025643E /* RealityKitContent */,
			);
			productName = "visionOS Funassyi";
			productReference = A95105A22A485A930025643E /* visionOS Funassyi.app */;
			productType = "com.apple.product-type.application";
		};
		A95105B52A485A940025643E /* visionOS FunassyiTests */ = {
			isa = PBXNativeTarget;
			buildConfigurationList = A95105C12A485A940025643E /* Build configuration list for PBXNativeTarget "visionOS FunassyiTests" */;
			buildPhases = (
				A95105B22A485A940025643E /* Sources */,
				A95105B32A485A940025643E /* Frameworks */,
				A95105B42A485A940025643E /* Resources */,
			);
			buildRules = (
			);
			dependencies = (
				A95105B82A485A940025643E /* PBXTargetDependency */,
			);
			name = "visionOS FunassyiTests";
			productName = "visionOS FunassyiTests";
			productReference = A95105B62A485A940025643E /* visionOS FunassyiTests.xctest */;
			productType = "com.apple.product-type.bundle.unit-test";
		};
/* End PBXNativeTarget section */

/* Begin PBXProject section */
		A951059A2A485A930025643E /* Project object */ = {
			isa = PBXProject;
			attributes = {
				BuildIndependentTargetsInParallel = 1;
				LastSwiftUpdateCheck = 1500;
				LastUpgradeCheck = 1500;
				TargetAttributes = {
					A95105A12A485A930025643E = {
						CreatedOnToolsVersion = 15.0;
					};
					A95105B52A485A940025643E = {
						CreatedOnToolsVersion = 15.0;
						TestTargetID = A95105A12A485A930025643E;
					};
				};
			};
			buildConfigurationList = A951059D2A485A930025643E /* Build configuration list for PBXProject "visionOS Funassyi" */;
			compatibilityVersion = "Xcode 14.0";
			developmentRegion = en;
			hasScannedForEncodings = 0;
			knownRegions = (
				en,
				Base,
			);
			mainGroup = A95105992A485A930025643E;
			productRefGroup = A95105A32A485A930025643E /* Products */;
			projectDirPath = "";
			projectRoot = "";
			targets = (
				A95105A12A485A930025643E /* visionOS Funassyi */,
				A95105B52A485A940025643E /* visionOS FunassyiTests */,
			);
		};
/* End PBXProject section */

/* Begin PBXResourcesBuildPhase section */
		A95105A02A485A930025643E /* Resources */ = {
			isa = PBXResourcesBuildPhase;
			buildActionMask = 2147483647;
			files = (
				A95105B12A485A940025643E /* Preview Assets.xcassets in Resources */,
				A95105C62A485ADE0025643E /* Funassyi.usdz in Resources */,
				A95105AE2A485A940025643E /* Assets.xcassets in Resources */,
			);
			runOnlyForDeploymentPostprocessing = 0;
		};
		A95105B42A485A940025643E /* Resources */ = {
			isa = PBXResourcesBuildPhase;
			buildActionMask = 2147483647;
			files = (
			);
			runOnlyForDeploymentPostprocessing = 0;
		};
/* End PBXResourcesBuildPhase section */

/* Begin PBXSourcesBuildPhase section */
		A951059E2A485A930025643E /* Sources */ = {
			isa = PBXSourcesBuildPhase;
			buildActionMask = 2147483647;
			files = (
				A95105AC2A485A930025643E /* ContentView.swift in Sources */,
				A95105CB2A485BB80025643E /* FunassyiView.swift in Sources */,
				A95105AA2A485A930025643E /* visionOS_FunassyiApp.swift in Sources */,
				A95105CD2A485EEE0025643E /* WelcomeView.swift in Sources */,
			);
			runOnlyForDeploymentPostprocessing = 0;
		};
		A95105B22A485A940025643E /* Sources */ = {
			isa = PBXSourcesBuildPhase;
			buildActionMask = 2147483647;
			files = (
				A95105BB2A485A940025643E /* visionOS_FunassyiTests.swift in Sources */,
			);
			runOnlyForDeploymentPostprocessing = 0;
		};
/* End PBXSourcesBuildPhase section */

/* Begin PBXTargetDependency section */
		A95105B82A485A940025643E /* PBXTargetDependency */ = {
			isa = PBXTargetDependency;
			target = A95105A12A485A930025643E /* visionOS Funassyi */;
			targetProxy = A95105B72A485A940025643E /* PBXContainerItemProxy */;
		};
/* End PBXTargetDependency section */

/* Begin XCBuildConfiguration section */
		A95105BC2A485A940025643E /* Debug */ = {
			isa = XCBuildConfiguration;
			buildSettings = {
				ALWAYS_SEARCH_USER_PATHS = NO;
				ASSETCATALOG_COMPILER_GENERATE_SWIFT_ASSET_SYMBOL_EXTENSIONS = YES;
				CLANG_ANALYZER_NONNULL = YES;
				CLANG_ANALYZER_NUMBER_OBJECT_CONVERSION = YES_AGGRESSIVE;
				CLANG_CXX_LANGUAGE_STANDARD = "gnu++20";
				CLANG_ENABLE_MODULES = YES;
				CLANG_ENABLE_OBJC_ARC = YES;
				CLANG_ENABLE_OBJC_WEAK = YES;
				CLANG_WARN_BLOCK_CAPTURE_AUTORELEASING = YES;
				CLANG_WARN_BOOL_CONVERSION = YES;
				CLANG_WARN_COMMA = YES;
				CLANG_WARN_CONSTANT_CONVERSION = YES;
				CLANG_WARN_DEPRECATED_OBJC_IMPLEMENTATIONS = YES;
				CLANG_WARN_DIRECT_OBJC_ISA_USAGE = YES_ERROR;
				CLANG_WARN_DOCUMENTATION_COMMENTS = YES;
				CLANG_WARN_EMPTY_BODY = YES;
				CLANG_WARN_ENUM_CONVERSION = YES;
				CLANG_WARN_INFINITE_RECURSION = YES;
				CLANG_WARN_INT_CONVERSION = YES;
				CLANG_WARN_NON_LITERAL_NULL_CONVERSION = YES;
				CLANG_WARN_OBJC_IMPLICIT_RETAIN_SELF = YES;
				CLANG_WARN_OBJC_LITERAL_CONVERSION = YES;
				CLANG_WARN_OBJC_ROOT_CLASS = YES_ERROR;
				CLANG_WARN_QUOTED_INCLUDE_IN_FRAMEWORK_HEADER = YES;
				CLANG_WARN_RANGE_LOOP_ANALYSIS = YES;
				CLANG_WARN_STRICT_PROTOTYPES = YES;
				CLANG_WARN_SUSPICIOUS_MOVE = YES;
				CLANG_WARN_UNGUARDED_AVAILABILITY = YES_AGGRESSIVE;
				CLANG_WARN_UNREACHABLE_CODE = YES;
				CLANG_WARN__DUPLICATE_METHOD_MATCH = YES;
				COPY_PHASE_STRIP = NO;
				DEBUG_INFORMATION_FORMAT = dwarf;
				ENABLE_STRICT_OBJC_MSGSEND = YES;
				ENABLE_TESTABILITY = YES;
				ENABLE_USER_SCRIPT_SANDBOXING = YES;
				GCC_C_LANGUAGE_STANDARD = gnu17;
				GCC_DYNAMIC_NO_PIC = NO;
				GCC_NO_COMMON_BLOCKS = YES;
				GCC_OPTIMIZATION_LEVEL = 0;
				GCC_PREPROCESSOR_DEFINITIONS = (
					"DEBUG=1",
					"$(inherited)",
				);
				GCC_WARN_64_TO_32_BIT_CONVERSION = YES;
				GCC_WARN_ABOUT_RETURN_TYPE = YES_ERROR;
				GCC_WARN_UNDECLARED_SELECTOR = YES;
				GCC_WARN_UNINITIALIZED_AUTOS = YES_AGGRESSIVE;
				GCC_WARN_UNUSED_FUNCTION = YES;
				GCC_WARN_UNUSED_VARIABLE = YES;
				LOCALIZATION_PREFERS_STRING_CATALOGS = YES;
				MTL_ENABLE_DEBUG_INFO = INCLUDE_SOURCE;
				MTL_FAST_MATH = YES;
				ONLY_ACTIVE_ARCH = YES;
				SDKROOT = xros;
				SWIFT_ACTIVE_COMPILATION_CONDITIONS = "DEBUG $(inherited)";
				SWIFT_OPTIMIZATION_LEVEL = "-Onone";
				XROS_DEPLOYMENT_TARGET = 1.0;
			};
			name = Debug;
		};
		A95105BD2A485A940025643E /* Release */ = {
			isa = XCBuildConfiguration;
			buildSettings = {
				ALWAYS_SEARCH_USER_PATHS = NO;
				ASSETCATALOG_COMPILER_GENERATE_SWIFT_ASSET_SYMBOL_EXTENSIONS = YES;
				CLANG_ANALYZER_NONNULL = YES;
				CLANG_ANALYZER_NUMBER_OBJECT_CONVERSION = YES_AGGRESSIVE;
				CLANG_CXX_LANGUAGE_STANDARD = "gnu++20";
				CLANG_ENABLE_MODULES = YES;
				CLANG_ENABLE_OBJC_ARC = YES;
				CLANG_ENABLE_OBJC_WEAK = YES;
				CLANG_WARN_BLOCK_CAPTURE_AUTORELEASING = YES;
				CLANG_WARN_BOOL_CONVERSION = YES;
				CLANG_WARN_COMMA = YES;
				CLANG_WARN_CONSTANT_CONVERSION = YES;
				CLANG_WARN_DEPRECATED_OBJC_IMPLEMENTATIONS = YES;
				CLANG_WARN_DIRECT_OBJC_ISA_USAGE = YES_ERROR;
				CLANG_WARN_DOCUMENTATION_COMMENTS = YES;
				CLANG_WARN_EMPTY_BODY = YES;
				CLANG_WARN_ENUM_CONVERSION = YES;
				CLANG_WARN_INFINITE_RECURSION = YES;
				CLANG_WARN_INT_CONVERSION = YES;
				CLANG_WARN_NON_LITERAL_NULL_CONVERSION = YES;
				CLANG_WARN_OBJC_IMPLICIT_RETAIN_SELF = YES;
				CLANG_WARN_OBJC_LITERAL_CONVERSION = YES;
				CLANG_WARN_OBJC_ROOT_CLASS = YES_ERROR;
				CLANG_WARN_QUOTED_INCLUDE_IN_FRAMEWORK_HEADER = YES;
				CLANG_WARN_RANGE_LOOP_ANALYSIS = YES;
				CLANG_WARN_STRICT_PROTOTYPES = YES;
				CLANG_WARN_SUSPICIOUS_MOVE = YES;
				CLANG_WARN_UNGUARDED_AVAILABILITY = YES_AGGRESSIVE;
				CLANG_WARN_UNREACHABLE_CODE = YES;
				CLANG_WARN__DUPLICATE_METHOD_MATCH = YES;
				COPY_PHASE_STRIP = NO;
				DEBUG_INFORMATION_FORMAT = "dwarf-with-dsym";
				ENABLE_NS_ASSERTIONS = NO;
				ENABLE_STRICT_OBJC_MSGSEND = YES;
				ENABLE_USER_SCRIPT_SANDBOXING = YES;
				GCC_C_LANGUAGE_STANDARD = gnu17;
				GCC_NO_COMMON_BLOCKS = YES;
				GCC_WARN_64_TO_32_BIT_CONVERSION = YES;
				GCC_WARN_ABOUT_RETURN_TYPE = YES_ERROR;
				GCC_WARN_UNDECLARED_SELECTOR = YES;
				GCC_WARN_UNINITIALIZED_AUTOS = YES_AGGRESSIVE;
				GCC_WARN_UNUSED_FUNCTION = YES;
				GCC_WARN_UNUSED_VARIABLE = YES;
				LOCALIZATION_PREFERS_STRING_CATALOGS = YES;
				MTL_ENABLE_DEBUG_INFO = NO;
				MTL_FAST_MATH = YES;
				SDKROOT = xros;
				SWIFT_COMPILATION_MODE = wholemodule;
				VALIDATE_PRODUCT = YES;
				XROS_DEPLOYMENT_TARGET = 1.0;
			};
			name = Release;
		};
		A95105BF2A485A940025643E /* Debug */ = {
			isa = XCBuildConfiguration;
			buildSettings = {
				ASSETCATALOG_COMPILER_APPICON_NAME = AppIcon;
				ASSETCATALOG_COMPILER_GLOBAL_ACCENT_COLOR_NAME = AccentColor;
				CODE_SIGN_STYLE = Automatic;
				CURRENT_PROJECT_VERSION = 1;
				DEVELOPMENT_ASSET_PATHS = "\"visionOS Funassyi/Preview Content\"";
				DEVELOPMENT_TEAM = 788YH48Y3Q;
				ENABLE_PREVIEWS = YES;
				GENERATE_INFOPLIST_FILE = YES;
				INFOPLIST_KEY_UIApplicationSceneManifest_Generation = YES;
				LD_RUNPATH_SEARCH_PATHS = (
					"$(inherited)",
					"@executable_path/Frameworks",
				);
				MARKETING_VERSION = 1.0;
				PRODUCT_BUNDLE_IDENTIFIER = "dev.tetra2000.visionOS-Funassyi";
				PRODUCT_NAME = "$(TARGET_NAME)";
				SUPPORTED_PLATFORMS = "xros xrsimulator";
				SWIFT_EMIT_LOC_STRINGS = YES;
				SWIFT_VERSION = 5.0;
				TARGETED_DEVICE_FAMILY = "1,2,7";
			};
			name = Debug;
		};
		A95105C02A485A940025643E /* Release */ = {
			isa = XCBuildConfiguration;
			buildSettings = {
				ASSETCATALOG_COMPILER_APPICON_NAME = AppIcon;
				ASSETCATALOG_COMPILER_GLOBAL_ACCENT_COLOR_NAME = AccentColor;
				CODE_SIGN_STYLE = Automatic;
				CURRENT_PROJECT_VERSION = 1;
				DEVELOPMENT_ASSET_PATHS = "\"visionOS Funassyi/Preview Content\"";
				DEVELOPMENT_TEAM = 788YH48Y3Q;
				ENABLE_PREVIEWS = YES;
				GENERATE_INFOPLIST_FILE = YES;
				INFOPLIST_KEY_UIApplicationSceneManifest_Generation = YES;
				LD_RUNPATH_SEARCH_PATHS = (
					"$(inherited)",
					"@executable_path/Frameworks",
				);
				MARKETING_VERSION = 1.0;
				PRODUCT_BUNDLE_IDENTIFIER = "dev.tetra2000.visionOS-Funassyi";
				PRODUCT_NAME = "$(TARGET_NAME)";
				SUPPORTED_PLATFORMS = "xros xrsimulator";
				SWIFT_EMIT_LOC_STRINGS = YES;
				SWIFT_VERSION = 5.0;
				TARGETED_DEVICE_FAMILY = "1,2,7";
			};
			name = Release;
		};
		A95105C22A485A940025643E /* Debug */ = {
			isa = XCBuildConfiguration;
			buildSettings = {
				ALWAYS_EMBED_SWIFT_STANDARD_LIBRARIES = YES;
				BUNDLE_LOADER = "$(TEST_HOST)";
				CODE_SIGN_STYLE = Automatic;
				CURRENT_PROJECT_VERSION = 1;
				DEVELOPMENT_TEAM = 788YH48Y3Q;
				GENERATE_INFOPLIST_FILE = YES;
				MARKETING_VERSION = 1.0;
				PRODUCT_BUNDLE_IDENTIFIER = "dev.tetra2000.visionOS-FunassyiTests";
				PRODUCT_NAME = "$(TARGET_NAME)";
				SUPPORTED_PLATFORMS = "xros xrsimulator";
				SWIFT_EMIT_LOC_STRINGS = NO;
				SWIFT_VERSION = 5.0;
				TARGETED_DEVICE_FAMILY = "1,2,7";
				TEST_HOST = "$(BUILT_PRODUCTS_DIR)/visionOS Funassyi.app/$(BUNDLE_EXECUTABLE_FOLDER_PATH)/visionOS Funassyi";
				XROS_DEPLOYMENT_TARGET = 1.0;
			};
			name = Debug;
		};
		A95105C32A485A940025643E /* Release */ = {
			isa = XCBuildConfiguration;
			buildSettings = {
				ALWAYS_EMBED_SWIFT_STANDARD_LIBRARIES = YES;
				BUNDLE_LOADER = "$(TEST_HOST)";
				CODE_SIGN_STYLE = Automatic;
				CURRENT_PROJECT_VERSION = 1;
				DEVELOPMENT_TEAM = 788YH48Y3Q;
				GENERATE_INFOPLIST_FILE = YES;
				MARKETING_VERSION = 1.0;
				PRODUCT_BUNDLE_IDENTIFIER = "dev.tetra2000.visionOS-FunassyiTests";
				PRODUCT_NAME = "$(TARGET_NAME)";
				SUPPORTED_PLATFORMS = "xros xrsimulator";
				SWIFT_EMIT_LOC_STRINGS = NO;
				SWIFT_VERSION = 5.0;
				TARGETED_DEVICE_FAMILY = "1,2,7";
				TEST_HOST = "$(BUILT_PRODUCTS_DIR)/visionOS Funassyi.app/$(BUNDLE_EXECUTABLE_FOLDER_PATH)/visionOS Funassyi";
				XROS_DEPLOYMENT_TARGET = 1.0;
			};
			name = Release;
		};
/* End XCBuildConfiguration section */

/* Begin XCConfigurationList section */
		A951059D2A485A930025643E /* Build configuration list for PBXProject "visionOS Funassyi" */ = {
			isa = XCConfigurationList;
			buildConfigurations = (
				A95105BC2A485A940025643E /* Debug */,
				A95105BD2A485A940025643E /* Release */,
			);
			defaultConfigurationIsVisible = 0;
			defaultConfigurationName = Release;
		};
		A95105BE2A485A940025643E /* Build configuration list for PBXNativeTarget "visionOS Funassyi" */ = {
			isa = XCConfigurationList;
			buildConfigurations = (
				A95105BF2A485A940025643E /* Debug */,
				A95105C02A485A940025643E /* Release */,
			);
			defaultConfigurationIsVisible = 0;
			defaultConfigurationName = Release;
		};
		A95105C12A485A940025643E /* Build configuration list for PBXNativeTarget "visionOS FunassyiTests" */ = {
			isa = XCConfigurationList;
			buildConfigurations = (
				A95105C22A485A940025643E /* Debug */,
				A95105C32A485A940025643E /* Release */,
			);
			defaultConfigurationIsVisible = 0;
			defaultConfigurationName = Release;
		};
/* End XCConfigurationList section */

/* Begin XCSwiftPackageProductDependency section */
		A95105A72A485A930025643E /* RealityKitContent */ = {
			isa = XCSwiftPackageProductDependency;
			productName = RealityKitContent;
		};
/* End XCSwiftPackageProductDependency section */
	};
	rootObject = A951059A2A485A930025643E /* Project object */;
}
